<?xml version="1.0" encoding="utf-8"?>
<Project ToolsVersion="16.0" xmlns="http://schemas.microsoft.com/developer/msbuild/2003">
  <ItemGroup>
    <CustomBuild Include="C:\Users\Gerry\Desktop\datavetenskap\datagrafik\glproj\CMakeFiles\67cb10426f012ba21ccc45a0b6d52642\INSTALL_force.rule">
      <Filter>CMake Rules</Filter>
    </CustomBuild>
  </ItemGroup>
  <ItemGroup>
    <Filter Include="CMake Rules">
      <UniqueIdentifier>{22114AF3-5C75-3D4A-99A0-5246BCE48705}</UniqueIdentifier>
    </Filter>
  </ItemGroup>
</Project>
